
Microsoft Visual Studio Solution File, Format Version 12.00
# Visual Studio Version 16
VisualStudioVersion = 16.0.30128.74
MinimumVisualStudioVersion = 10.0.40219.1
Project("{FAE04EC0-301F-11D3-BF4B-00C04F79EFBC}") = "Sweeper", "Sweeper\Sweeper.csproj", "{C5FC2D42-F4A1-4D9B-A2DD-5B066C278122}"
EndProject
Project("{2150E333-8FDC-42A3-9474-1A3956D46DE8}") = "Solution Items", "Solution Items", "{934CF2F1-F033-4C55-BB4A-7935CBA301D1}"
	ProjectSection(SolutionItems) = preProject
		Sweeper\Sweeper.csproj = Sweeper\Sweeper.csproj
		Sweeper\SweeperCore.csproj = Sweeper\SweeperCore.csproj
	EndProjectSection
EndProject
Project("{D954291E-2A0B-460D-934E-DC6B0785DB48}") = "UnoSweeper.Shared", "UnoSweeper\UnoSweeper.Shared\UnoSweeper.Shared.shproj", "{6279C845-92F8-4333-AB99-3D213163593C}"
EndProject
Project("{FAE04EC0-301F-11D3-BF4B-00C04F79EFBC}") = "UnoSweeper.Droid", "UnoSweeper\UnoSweeper.Droid\UnoSweeper.Droid.csproj", "{F1DA8D78-52FB-42C7-80B6-A32BFE487213}"
EndProject
Project("{FAE04EC0-301F-11D3-BF4B-00C04F79EFBC}") = "UnoSweeper.iOS", "UnoSweeper\UnoSweeper.iOS\UnoSweeper.iOS.csproj", "{A601A06D-6BC8-4F61-94AB-9A1FFC20FDE5}"
EndProject
Project("{FAE04EC0-301F-11D3-BF4B-00C04F79EFBC}") = "UnoSweeper.UWP", "UnoSweeper\UnoSweeper.UWP\UnoSweeper.UWP.csproj", "{AFBB3143-8C36-4AAB-AE2C-9F48C9080F59}"
EndProject
Project("{FAE04EC0-301F-11D3-BF4B-00C04F79EFBC}") = "UnoSweeper.Wasm", "UnoSweeper\UnoSweeper.Wasm\UnoSweeper.Wasm.csproj", "{CD7CD874-1EC6-46A5-BBB5-7F8CABCC3D06}"
EndProject
Project("{FAE04EC0-301F-11D3-BF4B-00C04F79EFBC}") = "UnoSweeper.macOS", "UnoSweeper\UnoSweeper.macOS\UnoSweeper.macOS.csproj", "{34793F36-9566-4D8B-9B3B-CCAADCFA99F3}"
EndProject
Global
	GlobalSection(SharedMSBuildProjectFiles) = preSolution
		UnoSweeper\UnoSweeper.Shared\UnoSweeper.Shared.projitems*{34793f36-9566-4d8b-9b3b-ccaadcfa99f3}*SharedItemsImports = 4
		UnoSweeper\UnoSweeper.Shared\UnoSweeper.Shared.projitems*{6279c845-92f8-4333-ab99-3d213163593c}*SharedItemsImports = 13
		UnoSweeper\UnoSweeper.Shared\UnoSweeper.Shared.projitems*{a601a06d-6bc8-4f61-94ab-9a1ffc20fde5}*SharedItemsImports = 4
		UnoSweeper\UnoSweeper.Shared\UnoSweeper.Shared.projitems*{afbb3143-8c36-4aab-ae2c-9f48c9080f59}*SharedItemsImports = 4
		UnoSweeper\UnoSweeper.Shared\UnoSweeper.Shared.projitems*{cd7cd874-1ec6-46a5-bbb5-7f8cabcc3d06}*SharedItemsImports = 5
		UnoSweeper\UnoSweeper.Shared\UnoSweeper.Shared.projitems*{f1da8d78-52fb-42c7-80b6-a32bfe487213}*SharedItemsImports = 4
	EndGlobalSection
	GlobalSection(SolutionConfigurationPlatforms) = preSolution
		Ad-Hoc|Any CPU = Ad-Hoc|Any CPU
		Ad-Hoc|ARM = Ad-Hoc|ARM
		Ad-Hoc|ARM64 = Ad-Hoc|ARM64
		Ad-Hoc|iPhone = Ad-Hoc|iPhone
		Ad-Hoc|iPhoneSimulator = Ad-Hoc|iPhoneSimulator
		Ad-Hoc|Mixed Platforms = Ad-Hoc|Mixed Platforms
		Ad-Hoc|x64 = Ad-Hoc|x64
		Ad-Hoc|x86 = Ad-Hoc|x86
		AppStore|Any CPU = AppStore|Any CPU
		AppStore|ARM = AppStore|ARM
		AppStore|ARM64 = AppStore|ARM64
		AppStore|iPhone = AppStore|iPhone
		AppStore|iPhoneSimulator = AppStore|iPhoneSimulator
		AppStore|Mixed Platforms = AppStore|Mixed Platforms
		AppStore|x64 = AppStore|x64
		AppStore|x86 = AppStore|x86
		Debug|Any CPU = Debug|Any CPU
		Debug|ARM = Debug|ARM
		Debug|ARM64 = Debug|ARM64
		Debug|iPhone = Debug|iPhone
		Debug|iPhoneSimulator = Debug|iPhoneSimulator
		Debug|Mixed Platforms = Debug|Mixed Platforms
		Debug|x64 = Debug|x64
		Debug|x86 = Debug|x86
		Release|Any CPU = Release|Any CPU
		Release|ARM = Release|ARM
		Release|ARM64 = Release|ARM64
		Release|iPhone = Release|iPhone
		Release|iPhoneSimulator = Release|iPhoneSimulator
		Release|Mixed Platforms = Release|Mixed Platforms
		Release|x64 = Release|x64
		Release|x86 = Release|x86
	EndGlobalSection
	GlobalSection(ProjectConfigurationPlatforms) = postSolution
		{C5FC2D42-F4A1-4D9B-A2DD-5B066C278122}.Ad-Hoc|Any CPU.ActiveCfg = Release|Any CPU
		{C5FC2D42-F4A1-4D9B-A2DD-5B066C278122}.Ad-Hoc|Any CPU.Build.0 = Release|Any CPU
		{C5FC2D42-F4A1-4D9B-A2DD-5B066C278122}.Ad-Hoc|ARM.ActiveCfg = Release|Any CPU
		{C5FC2D42-F4A1-4D9B-A2DD-5B066C278122}.Ad-Hoc|ARM.Build.0 = Release|Any CPU
		{C5FC2D42-F4A1-4D9B-A2DD-5B066C278122}.Ad-Hoc|ARM64.ActiveCfg = Release|Any CPU
		{C5FC2D42-F4A1-4D9B-A2DD-5B066C278122}.Ad-Hoc|ARM64.Build.0 = Release|Any CPU
		{C5FC2D42-F4A1-4D9B-A2DD-5B066C278122}.Ad-Hoc|iPhone.ActiveCfg = Release|Any CPU
		{C5FC2D42-F4A1-4D9B-A2DD-5B066C278122}.Ad-Hoc|iPhone.Build.0 = Release|Any CPU
		{C5FC2D42-F4A1-4D9B-A2DD-5B066C278122}.Ad-Hoc|iPhoneSimulator.ActiveCfg = Release|Any CPU
		{C5FC2D42-F4A1-4D9B-A2DD-5B066C278122}.Ad-Hoc|iPhoneSimulator.Build.0 = Release|Any CPU
		{C5FC2D42-F4A1-4D9B-A2DD-5B066C278122}.Ad-Hoc|Mixed Platforms.ActiveCfg = Release|Any CPU
		{C5FC2D42-F4A1-4D9B-A2DD-5B066C278122}.Ad-Hoc|Mixed Platforms.Build.0 = Release|Any CPU
		{C5FC2D42-F4A1-4D9B-A2DD-5B066C278122}.Ad-Hoc|x64.ActiveCfg = Release|Any CPU
		{C5FC2D42-F4A1-4D9B-A2DD-5B066C278122}.Ad-Hoc|x64.Build.0 = Release|Any CPU
		{C5FC2D42-F4A1-4D9B-A2DD-5B066C278122}.Ad-Hoc|x86.ActiveCfg = Release|Any CPU
		{C5FC2D42-F4A1-4D9B-A2DD-5B066C278122}.Ad-Hoc|x86.Build.0 = Release|Any CPU
		{C5FC2D42-F4A1-4D9B-A2DD-5B066C278122}.AppStore|Any CPU.ActiveCfg = Release|Any CPU
		{C5FC2D42-F4A1-4D9B-A2DD-5B066C278122}.AppStore|Any CPU.Build.0 = Release|Any CPU
		{C5FC2D42-F4A1-4D9B-A2DD-5B066C278122}.AppStore|ARM.ActiveCfg = Release|Any CPU
		{C5FC2D42-F4A1-4D9B-A2DD-5B066C278122}.AppStore|ARM.Build.0 = Release|Any CPU
		{C5FC2D42-F4A1-4D9B-A2DD-5B066C278122}.AppStore|ARM64.ActiveCfg = Release|Any CPU
		{C5FC2D42-F4A1-4D9B-A2DD-5B066C278122}.AppStore|ARM64.Build.0 = Release|Any CPU
		{C5FC2D42-F4A1-4D9B-A2DD-5B066C278122}.AppStore|iPhone.ActiveCfg = Release|Any CPU
		{C5FC2D42-F4A1-4D9B-A2DD-5B066C278122}.AppStore|iPhone.Build.0 = Release|Any CPU
		{C5FC2D42-F4A1-4D9B-A2DD-5B066C278122}.AppStore|iPhoneSimulator.ActiveCfg = Release|Any CPU
		{C5FC2D42-F4A1-4D9B-A2DD-5B066C278122}.AppStore|iPhoneSimulator.Build.0 = Release|Any CPU
		{C5FC2D42-F4A1-4D9B-A2DD-5B066C278122}.AppStore|Mixed Platforms.ActiveCfg = Release|Any CPU
		{C5FC2D42-F4A1-4D9B-A2DD-5B066C278122}.AppStore|Mixed Platforms.Build.0 = Release|Any CPU
		{C5FC2D42-F4A1-4D9B-A2DD-5B066C278122}.AppStore|x64.ActiveCfg = Release|Any CPU
		{C5FC2D42-F4A1-4D9B-A2DD-5B066C278122}.AppStore|x64.Build.0 = Release|Any CPU
		{C5FC2D42-F4A1-4D9B-A2DD-5B066C278122}.AppStore|x86.ActiveCfg = Release|Any CPU
		{C5FC2D42-F4A1-4D9B-A2DD-5B066C278122}.AppStore|x86.Build.0 = Release|Any CPU
		{C5FC2D42-F4A1-4D9B-A2DD-5B066C278122}.Debug|Any CPU.ActiveCfg = Debug|Any CPU
		{C5FC2D42-F4A1-4D9B-A2DD-5B066C278122}.Debug|Any CPU.Build.0 = Debug|Any CPU
		{C5FC2D42-F4A1-4D9B-A2DD-5B066C278122}.Debug|ARM.ActiveCfg = Debug|Any CPU
		{C5FC2D42-F4A1-4D9B-A2DD-5B066C278122}.Debug|ARM.Build.0 = Debug|Any CPU
		{C5FC2D42-F4A1-4D9B-A2DD-5B066C278122}.Debug|ARM64.ActiveCfg = Debug|Any CPU
		{C5FC2D42-F4A1-4D9B-A2DD-5B066C278122}.Debug|ARM64.Build.0 = Debug|Any CPU
		{C5FC2D42-F4A1-4D9B-A2DD-5B066C278122}.Debug|iPhone.ActiveCfg = Debug|Any CPU
		{C5FC2D42-F4A1-4D9B-A2DD-5B066C278122}.Debug|iPhone.Build.0 = Debug|Any CPU
		{C5FC2D42-F4A1-4D9B-A2DD-5B066C278122}.Debug|iPhoneSimulator.ActiveCfg = Debug|Any CPU
		{C5FC2D42-F4A1-4D9B-A2DD-5B066C278122}.Debug|iPhoneSimulator.Build.0 = Debug|Any CPU
		{C5FC2D42-F4A1-4D9B-A2DD-5B066C278122}.Debug|Mixed Platforms.ActiveCfg = Debug|Any CPU
		{C5FC2D42-F4A1-4D9B-A2DD-5B066C278122}.Debug|Mixed Platforms.Build.0 = Debug|Any CPU
		{C5FC2D42-F4A1-4D9B-A2DD-5B066C278122}.Debug|x64.ActiveCfg = Debug|Any CPU
		{C5FC2D42-F4A1-4D9B-A2DD-5B066C278122}.Debug|x64.Build.0 = Debug|Any CPU
		{C5FC2D42-F4A1-4D9B-A2DD-5B066C278122}.Debug|x86.ActiveCfg = Debug|Any CPU
		{C5FC2D42-F4A1-4D9B-A2DD-5B066C278122}.Release|Any CPU.ActiveCfg = Release|Any CPU
		{C5FC2D42-F4A1-4D9B-A2DD-5B066C278122}.Release|Any CPU.Build.0 = Release|Any CPU
		{C5FC2D42-F4A1-4D9B-A2DD-5B066C278122}.Release|ARM.ActiveCfg = Release|Any CPU
		{C5FC2D42-F4A1-4D9B-A2DD-5B066C278122}.Release|ARM.Build.0 = Release|Any CPU
		{C5FC2D42-F4A1-4D9B-A2DD-5B066C278122}.Release|ARM64.ActiveCfg = Release|Any CPU
		{C5FC2D42-F4A1-4D9B-A2DD-5B066C278122}.Release|ARM64.Build.0 = Release|Any CPU
		{C5FC2D42-F4A1-4D9B-A2DD-5B066C278122}.Release|iPhone.ActiveCfg = Release|Any CPU
		{C5FC2D42-F4A1-4D9B-A2DD-5B066C278122}.Release|iPhone.Build.0 = Release|Any CPU
		{C5FC2D42-F4A1-4D9B-A2DD-5B066C278122}.Release|iPhoneSimulator.ActiveCfg = Release|Any CPU
		{C5FC2D42-F4A1-4D9B-A2DD-5B066C278122}.Release|iPhoneSimulator.Build.0 = Release|Any CPU
		{C5FC2D42-F4A1-4D9B-A2DD-5B066C278122}.Release|Mixed Platforms.ActiveCfg = Release|Any CPU
		{C5FC2D42-F4A1-4D9B-A2DD-5B066C278122}.Release|Mixed Platforms.Build.0 = Release|Any CPU
		{C5FC2D42-F4A1-4D9B-A2DD-5B066C278122}.Release|x64.ActiveCfg = Release|Any CPU
		{C5FC2D42-F4A1-4D9B-A2DD-5B066C278122}.Release|x64.Build.0 = Release|Any CPU
		{C5FC2D42-F4A1-4D9B-A2DD-5B066C278122}.Release|x86.ActiveCfg = Release|Any CPU
		{F1DA8D78-52FB-42C7-80B6-A32BFE487213}.Ad-Hoc|Any CPU.ActiveCfg = Release|Any CPU
		{F1DA8D78-52FB-42C7-80B6-A32BFE487213}.Ad-Hoc|Any CPU.Build.0 = Release|Any CPU
		{F1DA8D78-52FB-42C7-80B6-A32BFE487213}.Ad-Hoc|Any CPU.Deploy.0 = Release|Any CPU
		{F1DA8D78-52FB-42C7-80B6-A32BFE487213}.Ad-Hoc|ARM.ActiveCfg = Release|Any CPU
		{F1DA8D78-52FB-42C7-80B6-A32BFE487213}.Ad-Hoc|ARM.Build.0 = Release|Any CPU
		{F1DA8D78-52FB-42C7-80B6-A32BFE487213}.Ad-Hoc|ARM.Deploy.0 = Release|Any CPU
		{F1DA8D78-52FB-42C7-80B6-A32BFE487213}.Ad-Hoc|ARM64.ActiveCfg = Release|Any CPU
		{F1DA8D78-52FB-42C7-80B6-A32BFE487213}.Ad-Hoc|ARM64.Build.0 = Release|Any CPU
		{F1DA8D78-52FB-42C7-80B6-A32BFE487213}.Ad-Hoc|ARM64.Deploy.0 = Release|Any CPU
		{F1DA8D78-52FB-42C7-80B6-A32BFE487213}.Ad-Hoc|iPhone.ActiveCfg = Release|Any CPU
		{F1DA8D78-52FB-42C7-80B6-A32BFE487213}.Ad-Hoc|iPhone.Build.0 = Release|Any CPU
		{F1DA8D78-52FB-42C7-80B6-A32BFE487213}.Ad-Hoc|iPhone.Deploy.0 = Release|Any CPU
		{F1DA8D78-52FB-42C7-80B6-A32BFE487213}.Ad-Hoc|iPhoneSimulator.ActiveCfg = Release|Any CPU
		{F1DA8D78-52FB-42C7-80B6-A32BFE487213}.Ad-Hoc|iPhoneSimulator.Build.0 = Release|Any CPU
		{F1DA8D78-52FB-42C7-80B6-A32BFE487213}.Ad-Hoc|iPhoneSimulator.Deploy.0 = Release|Any CPU
		{F1DA8D78-52FB-42C7-80B6-A32BFE487213}.Ad-Hoc|Mixed Platforms.ActiveCfg = Release|Any CPU
		{F1DA8D78-52FB-42C7-80B6-A32BFE487213}.Ad-Hoc|Mixed Platforms.Build.0 = Release|Any CPU
		{F1DA8D78-52FB-42C7-80B6-A32BFE487213}.Ad-Hoc|Mixed Platforms.Deploy.0 = Release|Any CPU
		{F1DA8D78-52FB-42C7-80B6-A32BFE487213}.Ad-Hoc|x64.ActiveCfg = Release|Any CPU
		{F1DA8D78-52FB-42C7-80B6-A32BFE487213}.Ad-Hoc|x64.Build.0 = Release|Any CPU
		{F1DA8D78-52FB-42C7-80B6-A32BFE487213}.Ad-Hoc|x64.Deploy.0 = Release|Any CPU
		{F1DA8D78-52FB-42C7-80B6-A32BFE487213}.Ad-Hoc|x86.ActiveCfg = Release|Any CPU
		{F1DA8D78-52FB-42C7-80B6-A32BFE487213}.Ad-Hoc|x86.Build.0 = Release|Any CPU
		{F1DA8D78-52FB-42C7-80B6-A32BFE487213}.Ad-Hoc|x86.Deploy.0 = Release|Any CPU
		{F1DA8D78-52FB-42C7-80B6-A32BFE487213}.AppStore|Any CPU.ActiveCfg = Release|Any CPU
		{F1DA8D78-52FB-42C7-80B6-A32BFE487213}.AppStore|Any CPU.Build.0 = Release|Any CPU
		{F1DA8D78-52FB-42C7-80B6-A32BFE487213}.AppStore|Any CPU.Deploy.0 = Release|Any CPU
		{F1DA8D78-52FB-42C7-80B6-A32BFE487213}.AppStore|ARM.ActiveCfg = Release|Any CPU
		{F1DA8D78-52FB-42C7-80B6-A32BFE487213}.AppStore|ARM.Build.0 = Release|Any CPU
		{F1DA8D78-52FB-42C7-80B6-A32BFE487213}.AppStore|ARM.Deploy.0 = Release|Any CPU
		{F1DA8D78-52FB-42C7-80B6-A32BFE487213}.AppStore|ARM64.ActiveCfg = Release|Any CPU
		{F1DA8D78-52FB-42C7-80B6-A32BFE487213}.AppStore|ARM64.Build.0 = Release|Any CPU
		{F1DA8D78-52FB-42C7-80B6-A32BFE487213}.AppStore|ARM64.Deploy.0 = Release|Any CPU
		{F1DA8D78-52FB-42C7-80B6-A32BFE487213}.AppStore|iPhone.ActiveCfg = Release|Any CPU
		{F1DA8D78-52FB-42C7-80B6-A32BFE487213}.AppStore|iPhone.Build.0 = Release|Any CPU
		{F1DA8D78-52FB-42C7-80B6-A32BFE487213}.AppStore|iPhone.Deploy.0 = Release|Any CPU
		{F1DA8D78-52FB-42C7-80B6-A32BFE487213}.AppStore|iPhoneSimulator.ActiveCfg = Release|Any CPU
		{F1DA8D78-52FB-42C7-80B6-A32BFE487213}.AppStore|iPhoneSimulator.Build.0 = Release|Any CPU
		{F1DA8D78-52FB-42C7-80B6-A32BFE487213}.AppStore|iPhoneSimulator.Deploy.0 = Release|Any CPU
		{F1DA8D78-52FB-42C7-80B6-A32BFE487213}.AppStore|Mixed Platforms.ActiveCfg = Release|Any CPU
		{F1DA8D78-52FB-42C7-80B6-A32BFE487213}.AppStore|Mixed Platforms.Build.0 = Release|Any CPU
		{F1DA8D78-52FB-42C7-80B6-A32BFE487213}.AppStore|Mixed Platforms.Deploy.0 = Release|Any CPU
		{F1DA8D78-52FB-42C7-80B6-A32BFE487213}.AppStore|x64.ActiveCfg = Release|Any CPU
		{F1DA8D78-52FB-42C7-80B6-A32BFE487213}.AppStore|x64.Build.0 = Release|Any CPU
		{F1DA8D78-52FB-42C7-80B6-A32BFE487213}.AppStore|x64.Deploy.0 = Release|Any CPU
		{F1DA8D78-52FB-42C7-80B6-A32BFE487213}.AppStore|x86.ActiveCfg = Release|Any CPU
		{F1DA8D78-52FB-42C7-80B6-A32BFE487213}.AppStore|x86.Build.0 = Release|Any CPU
		{F1DA8D78-52FB-42C7-80B6-A32BFE487213}.AppStore|x86.Deploy.0 = Release|Any CPU
		{F1DA8D78-52FB-42C7-80B6-A32BFE487213}.Debug|Any CPU.ActiveCfg = Debug|Any CPU
		{F1DA8D78-52FB-42C7-80B6-A32BFE487213}.Debug|Any CPU.Build.0 = Debug|Any CPU
		{F1DA8D78-52FB-42C7-80B6-A32BFE487213}.Debug|Any CPU.Deploy.0 = Debug|Any CPU
		{F1DA8D78-52FB-42C7-80B6-A32BFE487213}.Debug|ARM.ActiveCfg = Debug|Any CPU
		{F1DA8D78-52FB-42C7-80B6-A32BFE487213}.Debug|ARM.Build.0 = Debug|Any CPU
		{F1DA8D78-52FB-42C7-80B6-A32BFE487213}.Debug|ARM.Deploy.0 = Debug|Any CPU
		{F1DA8D78-52FB-42C7-80B6-A32BFE487213}.Debug|ARM64.ActiveCfg = Debug|Any CPU
		{F1DA8D78-52FB-42C7-80B6-A32BFE487213}.Debug|ARM64.Build.0 = Debug|Any CPU
		{F1DA8D78-52FB-42C7-80B6-A32BFE487213}.Debug|ARM64.Deploy.0 = Debug|Any CPU
		{F1DA8D78-52FB-42C7-80B6-A32BFE487213}.Debug|iPhone.ActiveCfg = Debug|Any CPU
		{F1DA8D78-52FB-42C7-80B6-A32BFE487213}.Debug|iPhone.Build.0 = Debug|Any CPU
		{F1DA8D78-52FB-42C7-80B6-A32BFE487213}.Debug|iPhone.Deploy.0 = Debug|Any CPU
		{F1DA8D78-52FB-42C7-80B6-A32BFE487213}.Debug|iPhoneSimulator.ActiveCfg = Debug|Any CPU
		{F1DA8D78-52FB-42C7-80B6-A32BFE487213}.Debug|iPhoneSimulator.Build.0 = Debug|Any CPU
		{F1DA8D78-52FB-42C7-80B6-A32BFE487213}.Debug|iPhoneSimulator.Deploy.0 = Debug|Any CPU
		{F1DA8D78-52FB-42C7-80B6-A32BFE487213}.Debug|Mixed Platforms.ActiveCfg = Debug|Any CPU
		{F1DA8D78-52FB-42C7-80B6-A32BFE487213}.Debug|Mixed Platforms.Build.0 = Debug|Any CPU
		{F1DA8D78-52FB-42C7-80B6-A32BFE487213}.Debug|Mixed Platforms.Deploy.0 = Debug|Any CPU
		{F1DA8D78-52FB-42C7-80B6-A32BFE487213}.Debug|x64.ActiveCfg = Debug|Any CPU
		{F1DA8D78-52FB-42C7-80B6-A32BFE487213}.Debug|x64.Build.0 = Debug|Any CPU
		{F1DA8D78-52FB-42C7-80B6-A32BFE487213}.Debug|x64.Deploy.0 = Debug|Any CPU
		{F1DA8D78-52FB-42C7-80B6-A32BFE487213}.Debug|x86.ActiveCfg = Debug|Any CPU
		{F1DA8D78-52FB-42C7-80B6-A32BFE487213}.Debug|x86.Build.0 = Debug|Any CPU
		{F1DA8D78-52FB-42C7-80B6-A32BFE487213}.Debug|x86.Deploy.0 = Debug|Any CPU
		{F1DA8D78-52FB-42C7-80B6-A32BFE487213}.Release|Any CPU.ActiveCfg = Release|Any CPU
		{F1DA8D78-52FB-42C7-80B6-A32BFE487213}.Release|Any CPU.Build.0 = Release|Any CPU
		{F1DA8D78-52FB-42C7-80B6-A32BFE487213}.Release|Any CPU.Deploy.0 = Release|Any CPU
		{F1DA8D78-52FB-42C7-80B6-A32BFE487213}.Release|ARM.ActiveCfg = Release|Any CPU
		{F1DA8D78-52FB-42C7-80B6-A32BFE487213}.Release|ARM.Build.0 = Release|Any CPU
		{F1DA8D78-52FB-42C7-80B6-A32BFE487213}.Release|ARM.Deploy.0 = Release|Any CPU
		{F1DA8D78-52FB-42C7-80B6-A32BFE487213}.Release|ARM64.ActiveCfg = Release|Any CPU
		{F1DA8D78-52FB-42C7-80B6-A32BFE487213}.Release|ARM64.Build.0 = Release|Any CPU
		{F1DA8D78-52FB-42C7-80B6-A32BFE487213}.Release|ARM64.Deploy.0 = Release|Any CPU
		{F1DA8D78-52FB-42C7-80B6-A32BFE487213}.Release|iPhone.ActiveCfg = Release|Any CPU
		{F1DA8D78-52FB-42C7-80B6-A32BFE487213}.Release|iPhone.Build.0 = Release|Any CPU
		{F1DA8D78-52FB-42C7-80B6-A32BFE487213}.Release|iPhone.Deploy.0 = Release|Any CPU
		{F1DA8D78-52FB-42C7-80B6-A32BFE487213}.Release|iPhoneSimulator.ActiveCfg = Release|Any CPU
		{F1DA8D78-52FB-42C7-80B6-A32BFE487213}.Release|iPhoneSimulator.Build.0 = Release|Any CPU
		{F1DA8D78-52FB-42C7-80B6-A32BFE487213}.Release|iPhoneSimulator.Deploy.0 = Release|Any CPU
		{F1DA8D78-52FB-42C7-80B6-A32BFE487213}.Release|Mixed Platforms.ActiveCfg = Release|Any CPU
		{F1DA8D78-52FB-42C7-80B6-A32BFE487213}.Release|Mixed Platforms.Build.0 = Release|Any CPU
		{F1DA8D78-52FB-42C7-80B6-A32BFE487213}.Release|Mixed Platforms.Deploy.0 = Release|Any CPU
		{F1DA8D78-52FB-42C7-80B6-A32BFE487213}.Release|x64.ActiveCfg = Release|Any CPU
		{F1DA8D78-52FB-42C7-80B6-A32BFE487213}.Release|x64.Build.0 = Release|Any CPU
		{F1DA8D78-52FB-42C7-80B6-A32BFE487213}.Release|x64.Deploy.0 = Release|Any CPU
		{F1DA8D78-52FB-42C7-80B6-A32BFE487213}.Release|x86.ActiveCfg = Release|Any CPU
		{F1DA8D78-52FB-42C7-80B6-A32BFE487213}.Release|x86.Build.0 = Release|Any CPU
		{F1DA8D78-52FB-42C7-80B6-A32BFE487213}.Release|x86.Deploy.0 = Release|Any CPU
		{A601A06D-6BC8-4F61-94AB-9A1FFC20FDE5}.Ad-Hoc|Any CPU.ActiveCfg = Ad-Hoc|iPhone
		{A601A06D-6BC8-4F61-94AB-9A1FFC20FDE5}.Ad-Hoc|ARM.ActiveCfg = Ad-Hoc|iPhone
		{A601A06D-6BC8-4F61-94AB-9A1FFC20FDE5}.Ad-Hoc|ARM64.ActiveCfg = Ad-Hoc|iPhone
		{A601A06D-6BC8-4F61-94AB-9A1FFC20FDE5}.Ad-Hoc|iPhone.ActiveCfg = Ad-Hoc|iPhone
		{A601A06D-6BC8-4F61-94AB-9A1FFC20FDE5}.Ad-Hoc|iPhone.Build.0 = Ad-Hoc|iPhone
		{A601A06D-6BC8-4F61-94AB-9A1FFC20FDE5}.Ad-Hoc|iPhoneSimulator.ActiveCfg = Ad-Hoc|iPhoneSimulator
		{A601A06D-6BC8-4F61-94AB-9A1FFC20FDE5}.Ad-Hoc|iPhoneSimulator.Build.0 = Ad-Hoc|iPhoneSimulator
		{A601A06D-6BC8-4F61-94AB-9A1FFC20FDE5}.Ad-Hoc|Mixed Platforms.ActiveCfg = Ad-Hoc|iPhone
		{A601A06D-6BC8-4F61-94AB-9A1FFC20FDE5}.Ad-Hoc|Mixed Platforms.Build.0 = Ad-Hoc|iPhone
		{A601A06D-6BC8-4F61-94AB-9A1FFC20FDE5}.Ad-Hoc|x64.ActiveCfg = Ad-Hoc|iPhone
		{A601A06D-6BC8-4F61-94AB-9A1FFC20FDE5}.Ad-Hoc|x86.ActiveCfg = Ad-Hoc|iPhone
		{A601A06D-6BC8-4F61-94AB-9A1FFC20FDE5}.AppStore|Any CPU.ActiveCfg = AppStore|iPhone
		{A601A06D-6BC8-4F61-94AB-9A1FFC20FDE5}.AppStore|ARM.ActiveCfg = AppStore|iPhone
		{A601A06D-6BC8-4F61-94AB-9A1FFC20FDE5}.AppStore|ARM64.ActiveCfg = AppStore|iPhone
		{A601A06D-6BC8-4F61-94AB-9A1FFC20FDE5}.AppStore|iPhone.ActiveCfg = AppStore|iPhone
		{A601A06D-6BC8-4F61-94AB-9A1FFC20FDE5}.AppStore|iPhone.Build.0 = AppStore|iPhone
		{A601A06D-6BC8-4F61-94AB-9A1FFC20FDE5}.AppStore|iPhoneSimulator.ActiveCfg = AppStore|iPhoneSimulator
		{A601A06D-6BC8-4F61-94AB-9A1FFC20FDE5}.AppStore|iPhoneSimulator.Build.0 = AppStore|iPhoneSimulator
		{A601A06D-6BC8-4F61-94AB-9A1FFC20FDE5}.AppStore|Mixed Platforms.ActiveCfg = AppStore|iPhone
		{A601A06D-6BC8-4F61-94AB-9A1FFC20FDE5}.AppStore|Mixed Platforms.Build.0 = AppStore|iPhone
		{A601A06D-6BC8-4F61-94AB-9A1FFC20FDE5}.AppStore|x64.ActiveCfg = AppStore|iPhone
		{A601A06D-6BC8-4F61-94AB-9A1FFC20FDE5}.AppStore|x86.ActiveCfg = AppStore|iPhone
		{A601A06D-6BC8-4F61-94AB-9A1FFC20FDE5}.Debug|Any CPU.ActiveCfg = Debug|iPhone
		{A601A06D-6BC8-4F61-94AB-9A1FFC20FDE5}.Debug|ARM.ActiveCfg = Debug|iPhone
		{A601A06D-6BC8-4F61-94AB-9A1FFC20FDE5}.Debug|ARM64.ActiveCfg = Debug|iPhone
		{A601A06D-6BC8-4F61-94AB-9A1FFC20FDE5}.Debug|iPhone.ActiveCfg = Debug|iPhone
		{A601A06D-6BC8-4F61-94AB-9A1FFC20FDE5}.Debug|iPhone.Build.0 = Debug|iPhone
		{A601A06D-6BC8-4F61-94AB-9A1FFC20FDE5}.Debug|iPhoneSimulator.ActiveCfg = Debug|iPhoneSimulator
		{A601A06D-6BC8-4F61-94AB-9A1FFC20FDE5}.Debug|iPhoneSimulator.Build.0 = Debug|iPhoneSimulator
		{A601A06D-6BC8-4F61-94AB-9A1FFC20FDE5}.Debug|Mixed Platforms.ActiveCfg = Debug|iPhone
		{A601A06D-6BC8-4F61-94AB-9A1FFC20FDE5}.Debug|Mixed Platforms.Build.0 = Debug|iPhone
		{A601A06D-6BC8-4F61-94AB-9A1FFC20FDE5}.Debug|x64.ActiveCfg = Debug|iPhone
		{A601A06D-6BC8-4F61-94AB-9A1FFC20FDE5}.Debug|x86.ActiveCfg = Debug|iPhone
		{A601A06D-6BC8-4F61-94AB-9A1FFC20FDE5}.Release|Any CPU.ActiveCfg = Release|iPhone
		{A601A06D-6BC8-4F61-94AB-9A1FFC20FDE5}.Release|ARM.ActiveCfg = Release|iPhone
		{A601A06D-6BC8-4F61-94AB-9A1FFC20FDE5}.Release|ARM64.ActiveCfg = Release|iPhone
		{A601A06D-6BC8-4F61-94AB-9A1FFC20FDE5}.Release|iPhone.ActiveCfg = Release|iPhone
		{A601A06D-6BC8-4F61-94AB-9A1FFC20FDE5}.Release|iPhone.Build.0 = Release|iPhone
		{A601A06D-6BC8-4F61-94AB-9A1FFC20FDE5}.Release|iPhoneSimulator.ActiveCfg = Release|iPhoneSimulator
		{A601A06D-6BC8-4F61-94AB-9A1FFC20FDE5}.Release|iPhoneSimulator.Build.0 = Release|iPhoneSimulator
		{A601A06D-6BC8-4F61-94AB-9A1FFC20FDE5}.Release|Mixed Platforms.ActiveCfg = Release|iPhone
		{A601A06D-6BC8-4F61-94AB-9A1FFC20FDE5}.Release|Mixed Platforms.Build.0 = Release|iPhone
		{A601A06D-6BC8-4F61-94AB-9A1FFC20FDE5}.Release|x64.ActiveCfg = Release|iPhone
		{A601A06D-6BC8-4F61-94AB-9A1FFC20FDE5}.Release|x86.ActiveCfg = Release|iPhone
		{AFBB3143-8C36-4AAB-AE2C-9F48C9080F59}.Ad-Hoc|Any CPU.ActiveCfg = Release|x64
		{AFBB3143-8C36-4AAB-AE2C-9F48C9080F59}.Ad-Hoc|Any CPU.Build.0 = Release|x64
		{AFBB3143-8C36-4AAB-AE2C-9F48C9080F59}.Ad-Hoc|Any CPU.Deploy.0 = Release|x64
		{AFBB3143-8C36-4AAB-AE2C-9F48C9080F59}.Ad-Hoc|ARM.ActiveCfg = Release|ARM
		{AFBB3143-8C36-4AAB-AE2C-9F48C9080F59}.Ad-Hoc|ARM.Build.0 = Release|ARM
		{AFBB3143-8C36-4AAB-AE2C-9F48C9080F59}.Ad-Hoc|ARM.Deploy.0 = Release|ARM
		{AFBB3143-8C36-4AAB-AE2C-9F48C9080F59}.Ad-Hoc|ARM64.ActiveCfg = Release|ARM64
		{AFBB3143-8C36-4AAB-AE2C-9F48C9080F59}.Ad-Hoc|ARM64.Build.0 = Release|ARM64
		{AFBB3143-8C36-4AAB-AE2C-9F48C9080F59}.Ad-Hoc|ARM64.Deploy.0 = Release|ARM64
		{AFBB3143-8C36-4AAB-AE2C-9F48C9080F59}.Ad-Hoc|iPhone.ActiveCfg = Release|x64
		{AFBB3143-8C36-4AAB-AE2C-9F48C9080F59}.Ad-Hoc|iPhone.Build.0 = Release|x64
		{AFBB3143-8C36-4AAB-AE2C-9F48C9080F59}.Ad-Hoc|iPhone.Deploy.0 = Release|x64
		{AFBB3143-8C36-4AAB-AE2C-9F48C9080F59}.Ad-Hoc|iPhoneSimulator.ActiveCfg = Release|x64
		{AFBB3143-8C36-4AAB-AE2C-9F48C9080F59}.Ad-Hoc|iPhoneSimulator.Build.0 = Release|x64
		{AFBB3143-8C36-4AAB-AE2C-9F48C9080F59}.Ad-Hoc|iPhoneSimulator.Deploy.0 = Release|x64
		{AFBB3143-8C36-4AAB-AE2C-9F48C9080F59}.Ad-Hoc|Mixed Platforms.ActiveCfg = Release|x86
		{AFBB3143-8C36-4AAB-AE2C-9F48C9080F59}.Ad-Hoc|Mixed Platforms.Build.0 = Release|x86
		{AFBB3143-8C36-4AAB-AE2C-9F48C9080F59}.Ad-Hoc|Mixed Platforms.Deploy.0 = Release|x86
		{AFBB3143-8C36-4AAB-AE2C-9F48C9080F59}.Ad-Hoc|x64.ActiveCfg = Release|x64
		{AFBB3143-8C36-4AAB-AE2C-9F48C9080F59}.Ad-Hoc|x64.Build.0 = Release|x64
		{AFBB3143-8C36-4AAB-AE2C-9F48C9080F59}.Ad-Hoc|x64.Deploy.0 = Release|x64
		{AFBB3143-8C36-4AAB-AE2C-9F48C9080F59}.Ad-Hoc|x86.ActiveCfg = Release|x86
		{AFBB3143-8C36-4AAB-AE2C-9F48C9080F59}.Ad-Hoc|x86.Build.0 = Release|x86
		{AFBB3143-8C36-4AAB-AE2C-9F48C9080F59}.Ad-Hoc|x86.Deploy.0 = Release|x86
		{AFBB3143-8C36-4AAB-AE2C-9F48C9080F59}.AppStore|Any CPU.ActiveCfg = Release|x64
		{AFBB3143-8C36-4AAB-AE2C-9F48C9080F59}.AppStore|Any CPU.Build.0 = Release|x64
		{AFBB3143-8C36-4AAB-AE2C-9F48C9080F59}.AppStore|Any CPU.Deploy.0 = Release|x64
		{AFBB3143-8C36-4AAB-AE2C-9F48C9080F59}.AppStore|ARM.ActiveCfg = Release|ARM
		{AFBB3143-8C36-4AAB-AE2C-9F48C9080F59}.AppStore|ARM.Build.0 = Release|ARM
		{AFBB3143-8C36-4AAB-AE2C-9F48C9080F59}.AppStore|ARM.Deploy.0 = Release|ARM
		{AFBB3143-8C36-4AAB-AE2C-9F48C9080F59}.AppStore|ARM64.ActiveCfg = Release|ARM64
		{AFBB3143-8C36-4AAB-AE2C-9F48C9080F59}.AppStore|ARM64.Build.0 = Release|ARM64
		{AFBB3143-8C36-4AAB-AE2C-9F48C9080F59}.AppStore|ARM64.Deploy.0 = Release|ARM64
		{AFBB3143-8C36-4AAB-AE2C-9F48C9080F59}.AppStore|iPhone.ActiveCfg = Release|x64
		{AFBB3143-8C36-4AAB-AE2C-9F48C9080F59}.AppStore|iPhone.Build.0 = Release|x64
		{AFBB3143-8C36-4AAB-AE2C-9F48C9080F59}.AppStore|iPhone.Deploy.0 = Release|x64
		{AFBB3143-8C36-4AAB-AE2C-9F48C9080F59}.AppStore|iPhoneSimulator.ActiveCfg = Release|x64
		{AFBB3143-8C36-4AAB-AE2C-9F48C9080F59}.AppStore|iPhoneSimulator.Build.0 = Release|x64
		{AFBB3143-8C36-4AAB-AE2C-9F48C9080F59}.AppStore|iPhoneSimulator.Deploy.0 = Release|x64
		{AFBB3143-8C36-4AAB-AE2C-9F48C9080F59}.AppStore|Mixed Platforms.ActiveCfg = Release|x86
		{AFBB3143-8C36-4AAB-AE2C-9F48C9080F59}.AppStore|Mixed Platforms.Build.0 = Release|x86
		{AFBB3143-8C36-4AAB-AE2C-9F48C9080F59}.AppStore|Mixed Platforms.Deploy.0 = Release|x86
		{AFBB3143-8C36-4AAB-AE2C-9F48C9080F59}.AppStore|x64.ActiveCfg = Release|x64
		{AFBB3143-8C36-4AAB-AE2C-9F48C9080F59}.AppStore|x64.Build.0 = Release|x64
		{AFBB3143-8C36-4AAB-AE2C-9F48C9080F59}.AppStore|x64.Deploy.0 = Release|x64
		{AFBB3143-8C36-4AAB-AE2C-9F48C9080F59}.AppStore|x86.ActiveCfg = Release|x86
		{AFBB3143-8C36-4AAB-AE2C-9F48C9080F59}.AppStore|x86.Build.0 = Release|x86
		{AFBB3143-8C36-4AAB-AE2C-9F48C9080F59}.AppStore|x86.Deploy.0 = Release|x86
		{AFBB3143-8C36-4AAB-AE2C-9F48C9080F59}.Debug|Any CPU.ActiveCfg = Debug|x86
		{AFBB3143-8C36-4AAB-AE2C-9F48C9080F59}.Debug|ARM.ActiveCfg = Debug|ARM
		{AFBB3143-8C36-4AAB-AE2C-9F48C9080F59}.Debug|ARM.Build.0 = Debug|ARM
		{AFBB3143-8C36-4AAB-AE2C-9F48C9080F59}.Debug|ARM.Deploy.0 = Debug|ARM
		{AFBB3143-8C36-4AAB-AE2C-9F48C9080F59}.Debug|ARM64.ActiveCfg = Debug|ARM64
		{AFBB3143-8C36-4AAB-AE2C-9F48C9080F59}.Debug|ARM64.Build.0 = Debug|ARM64
		{AFBB3143-8C36-4AAB-AE2C-9F48C9080F59}.Debug|ARM64.Deploy.0 = Debug|ARM64
		{AFBB3143-8C36-4AAB-AE2C-9F48C9080F59}.Debug|iPhone.ActiveCfg = Debug|x86
		{AFBB3143-8C36-4AAB-AE2C-9F48C9080F59}.Debug|iPhoneSimulator.ActiveCfg = Debug|x86
		{AFBB3143-8C36-4AAB-AE2C-9F48C9080F59}.Debug|Mixed Platforms.ActiveCfg = Debug|x86
		{AFBB3143-8C36-4AAB-AE2C-9F48C9080F59}.Debug|Mixed Platforms.Build.0 = Debug|x86
		{AFBB3143-8C36-4AAB-AE2C-9F48C9080F59}.Debug|Mixed Platforms.Deploy.0 = Debug|x86
		{AFBB3143-8C36-4AAB-AE2C-9F48C9080F59}.Debug|x64.ActiveCfg = Debug|x64
		{AFBB3143-8C36-4AAB-AE2C-9F48C9080F59}.Debug|x64.Build.0 = Debug|x64
		{AFBB3143-8C36-4AAB-AE2C-9F48C9080F59}.Debug|x64.Deploy.0 = Debug|x64
		{AFBB3143-8C36-4AAB-AE2C-9F48C9080F59}.Debug|x86.ActiveCfg = Debug|x86
		{AFBB3143-8C36-4AAB-AE2C-9F48C9080F59}.Debug|x86.Build.0 = Debug|x86
		{AFBB3143-8C36-4AAB-AE2C-9F48C9080F59}.Debug|x86.Deploy.0 = Debug|x86
		{AFBB3143-8C36-4AAB-AE2C-9F48C9080F59}.Release|Any CPU.ActiveCfg = Release|x86
		{AFBB3143-8C36-4AAB-AE2C-9F48C9080F59}.Release|ARM.ActiveCfg = Release|ARM
		{AFBB3143-8C36-4AAB-AE2C-9F48C9080F59}.Release|ARM.Build.0 = Release|ARM
		{AFBB3143-8C36-4AAB-AE2C-9F48C9080F59}.Release|ARM.Deploy.0 = Release|ARM
		{AFBB3143-8C36-4AAB-AE2C-9F48C9080F59}.Release|ARM64.ActiveCfg = Release|ARM64
		{AFBB3143-8C36-4AAB-AE2C-9F48C9080F59}.Release|ARM64.Build.0 = Release|ARM64
		{AFBB3143-8C36-4AAB-AE2C-9F48C9080F59}.Release|ARM64.Deploy.0 = Release|ARM64
		{AFBB3143-8C36-4AAB-AE2C-9F48C9080F59}.Release|iPhone.ActiveCfg = Release|x86
		{AFBB3143-8C36-4AAB-AE2C-9F48C9080F59}.Release|iPhoneSimulator.ActiveCfg = Release|x86
		{AFBB3143-8C36-4AAB-AE2C-9F48C9080F59}.Release|Mixed Platforms.ActiveCfg = Release|x86
		{AFBB3143-8C36-4AAB-AE2C-9F48C9080F59}.Release|Mixed Platforms.Build.0 = Release|x86
		{AFBB3143-8C36-4AAB-AE2C-9F48C9080F59}.Release|Mixed Platforms.Deploy.0 = Release|x86
		{AFBB3143-8C36-4AAB-AE2C-9F48C9080F59}.Release|x64.ActiveCfg = Release|x64
		{AFBB3143-8C36-4AAB-AE2C-9F48C9080F59}.Release|x64.Build.0 = Release|x64
		{AFBB3143-8C36-4AAB-AE2C-9F48C9080F59}.Release|x64.Deploy.0 = Release|x64
		{AFBB3143-8C36-4AAB-AE2C-9F48C9080F59}.Release|x86.ActiveCfg = Release|x86
		{AFBB3143-8C36-4AAB-AE2C-9F48C9080F59}.Release|x86.Build.0 = Release|x86
		{AFBB3143-8C36-4AAB-AE2C-9F48C9080F59}.Release|x86.Deploy.0 = Release|x86
		{CD7CD874-1EC6-46A5-BBB5-7F8CABCC3D06}.Ad-Hoc|Any CPU.ActiveCfg = Debug|Any CPU
		{CD7CD874-1EC6-46A5-BBB5-7F8CABCC3D06}.Ad-Hoc|Any CPU.Build.0 = Debug|Any CPU
		{CD7CD874-1EC6-46A5-BBB5-7F8CABCC3D06}.Ad-Hoc|ARM.ActiveCfg = Debug|Any CPU
		{CD7CD874-1EC6-46A5-BBB5-7F8CABCC3D06}.Ad-Hoc|ARM.Build.0 = Debug|Any CPU
		{CD7CD874-1EC6-46A5-BBB5-7F8CABCC3D06}.Ad-Hoc|ARM64.ActiveCfg = Debug|Any CPU
		{CD7CD874-1EC6-46A5-BBB5-7F8CABCC3D06}.Ad-Hoc|ARM64.Build.0 = Debug|Any CPU
		{CD7CD874-1EC6-46A5-BBB5-7F8CABCC3D06}.Ad-Hoc|iPhone.ActiveCfg = Debug|Any CPU
		{CD7CD874-1EC6-46A5-BBB5-7F8CABCC3D06}.Ad-Hoc|iPhone.Build.0 = Debug|Any CPU
		{CD7CD874-1EC6-46A5-BBB5-7F8CABCC3D06}.Ad-Hoc|iPhoneSimulator.ActiveCfg = Debug|Any CPU
		{CD7CD874-1EC6-46A5-BBB5-7F8CABCC3D06}.Ad-Hoc|iPhoneSimulator.Build.0 = Debug|Any CPU
		{CD7CD874-1EC6-46A5-BBB5-7F8CABCC3D06}.Ad-Hoc|Mixed Platforms.ActiveCfg = Debug|Any CPU
		{CD7CD874-1EC6-46A5-BBB5-7F8CABCC3D06}.Ad-Hoc|Mixed Platforms.Build.0 = Debug|Any CPU
		{CD7CD874-1EC6-46A5-BBB5-7F8CABCC3D06}.Ad-Hoc|x64.ActiveCfg = Debug|Any CPU
		{CD7CD874-1EC6-46A5-BBB5-7F8CABCC3D06}.Ad-Hoc|x64.Build.0 = Debug|Any CPU
		{CD7CD874-1EC6-46A5-BBB5-7F8CABCC3D06}.Ad-Hoc|x86.ActiveCfg = Debug|Any CPU
		{CD7CD874-1EC6-46A5-BBB5-7F8CABCC3D06}.Ad-Hoc|x86.Build.0 = Debug|Any CPU
		{CD7CD874-1EC6-46A5-BBB5-7F8CABCC3D06}.AppStore|Any CPU.ActiveCfg = Debug|Any CPU
		{CD7CD874-1EC6-46A5-BBB5-7F8CABCC3D06}.AppStore|Any CPU.Build.0 = Debug|Any CPU
		{CD7CD874-1EC6-46A5-BBB5-7F8CABCC3D06}.AppStore|ARM.ActiveCfg = Debug|Any CPU
		{CD7CD874-1EC6-46A5-BBB5-7F8CABCC3D06}.AppStore|ARM.Build.0 = Debug|Any CPU
		{CD7CD874-1EC6-46A5-BBB5-7F8CABCC3D06}.AppStore|ARM64.ActiveCfg = Debug|Any CPU
		{CD7CD874-1EC6-46A5-BBB5-7F8CABCC3D06}.AppStore|ARM64.Build.0 = Debug|Any CPU
		{CD7CD874-1EC6-46A5-BBB5-7F8CABCC3D06}.AppStore|iPhone.ActiveCfg = Debug|Any CPU
		{CD7CD874-1EC6-46A5-BBB5-7F8CABCC3D06}.AppStore|iPhone.Build.0 = Debug|Any CPU
		{CD7CD874-1EC6-46A5-BBB5-7F8CABCC3D06}.AppStore|iPhoneSimulator.ActiveCfg = Debug|Any CPU
		{CD7CD874-1EC6-46A5-BBB5-7F8CABCC3D06}.AppStore|iPhoneSimulator.Build.0 = Debug|Any CPU
		{CD7CD874-1EC6-46A5-BBB5-7F8CABCC3D06}.AppStore|Mixed Platforms.ActiveCfg = Debug|Any CPU
		{CD7CD874-1EC6-46A5-BBB5-7F8CABCC3D06}.AppStore|Mixed Platforms.Build.0 = Debug|Any CPU
		{CD7CD874-1EC6-46A5-BBB5-7F8CABCC3D06}.AppStore|x64.ActiveCfg = Debug|Any CPU
		{CD7CD874-1EC6-46A5-BBB5-7F8CABCC3D06}.AppStore|x64.Build.0 = Debug|Any CPU
		{CD7CD874-1EC6-46A5-BBB5-7F8CABCC3D06}.AppStore|x86.ActiveCfg = Debug|Any CPU
		{CD7CD874-1EC6-46A5-BBB5-7F8CABCC3D06}.AppStore|x86.Build.0 = Debug|Any CPU
		{CD7CD874-1EC6-46A5-BBB5-7F8CABCC3D06}.Debug|Any CPU.ActiveCfg = Debug|Any CPU
		{CD7CD874-1EC6-46A5-BBB5-7F8CABCC3D06}.Debug|Any CPU.Build.0 = Debug|Any CPU
		{CD7CD874-1EC6-46A5-BBB5-7F8CABCC3D06}.Debug|ARM.ActiveCfg = Debug|Any CPU
		{CD7CD874-1EC6-46A5-BBB5-7F8CABCC3D06}.Debug|ARM.Build.0 = Debug|Any CPU
		{CD7CD874-1EC6-46A5-BBB5-7F8CABCC3D06}.Debug|ARM64.ActiveCfg = Debug|Any CPU
		{CD7CD874-1EC6-46A5-BBB5-7F8CABCC3D06}.Debug|ARM64.Build.0 = Debug|Any CPU
		{CD7CD874-1EC6-46A5-BBB5-7F8CABCC3D06}.Debug|iPhone.ActiveCfg = Debug|Any CPU
		{CD7CD874-1EC6-46A5-BBB5-7F8CABCC3D06}.Debug|iPhone.Build.0 = Debug|Any CPU
		{CD7CD874-1EC6-46A5-BBB5-7F8CABCC3D06}.Debug|iPhoneSimulator.ActiveCfg = Debug|Any CPU
		{CD7CD874-1EC6-46A5-BBB5-7F8CABCC3D06}.Debug|iPhoneSimulator.Build.0 = Debug|Any CPU
		{CD7CD874-1EC6-46A5-BBB5-7F8CABCC3D06}.Debug|Mixed Platforms.ActiveCfg = Debug|Any CPU
		{CD7CD874-1EC6-46A5-BBB5-7F8CABCC3D06}.Debug|Mixed Platforms.Build.0 = Debug|Any CPU
		{CD7CD874-1EC6-46A5-BBB5-7F8CABCC3D06}.Debug|x64.ActiveCfg = Debug|Any CPU
		{CD7CD874-1EC6-46A5-BBB5-7F8CABCC3D06}.Debug|x64.Build.0 = Debug|Any CPU
		{CD7CD874-1EC6-46A5-BBB5-7F8CABCC3D06}.Debug|x86.ActiveCfg = Debug|Any CPU
		{CD7CD874-1EC6-46A5-BBB5-7F8CABCC3D06}.Debug|x86.Build.0 = Debug|Any CPU
		{CD7CD874-1EC6-46A5-BBB5-7F8CABCC3D06}.Release|Any CPU.ActiveCfg = Release|Any CPU
		{CD7CD874-1EC6-46A5-BBB5-7F8CABCC3D06}.Release|Any CPU.Build.0 = Release|Any CPU
		{CD7CD874-1EC6-46A5-BBB5-7F8CABCC3D06}.Release|ARM.ActiveCfg = Release|Any CPU
		{CD7CD874-1EC6-46A5-BBB5-7F8CABCC3D06}.Release|ARM.Build.0 = Release|Any CPU
		{CD7CD874-1EC6-46A5-BBB5-7F8CABCC3D06}.Release|ARM64.ActiveCfg = Release|Any CPU
		{CD7CD874-1EC6-46A5-BBB5-7F8CABCC3D06}.Release|ARM64.Build.0 = Release|Any CPU
		{CD7CD874-1EC6-46A5-BBB5-7F8CABCC3D06}.Release|iPhone.ActiveCfg = Release|Any CPU
		{CD7CD874-1EC6-46A5-BBB5-7F8CABCC3D06}.Release|iPhone.Build.0 = Release|Any CPU
		{CD7CD874-1EC6-46A5-BBB5-7F8CABCC3D06}.Release|iPhoneSimulator.ActiveCfg = Release|Any CPU
		{CD7CD874-1EC6-46A5-BBB5-7F8CABCC3D06}.Release|iPhoneSimulator.Build.0 = Release|Any CPU
		{CD7CD874-1EC6-46A5-BBB5-7F8CABCC3D06}.Release|Mixed Platforms.ActiveCfg = Release|Any CPU
		{CD7CD874-1EC6-46A5-BBB5-7F8CABCC3D06}.Release|Mixed Platforms.Build.0 = Release|Any CPU
		{CD7CD874-1EC6-46A5-BBB5-7F8CABCC3D06}.Release|x64.ActiveCfg = Release|Any CPU
		{CD7CD874-1EC6-46A5-BBB5-7F8CABCC3D06}.Release|x64.Build.0 = Release|Any CPU
		{CD7CD874-1EC6-46A5-BBB5-7F8CABCC3D06}.Release|x86.ActiveCfg = Release|Any CPU
		{CD7CD874-1EC6-46A5-BBB5-7F8CABCC3D06}.Release|x86.Build.0 = Release|Any CPU
		{34793F36-9566-4D8B-9B3B-CCAADCFA99F3}.Ad-Hoc|Any CPU.ActiveCfg = Release|iPhoneSimulator
		{34793F36-9566-4D8B-9B3B-CCAADCFA99F3}.Ad-Hoc|Any CPU.Build.0 = Release|iPhoneSimulator
		{34793F36-9566-4D8B-9B3B-CCAADCFA99F3}.Ad-Hoc|ARM.ActiveCfg = Release|iPhoneSimulator
		{34793F36-9566-4D8B-9B3B-CCAADCFA99F3}.Ad-Hoc|ARM.Build.0 = Release|iPhoneSimulator
		{34793F36-9566-4D8B-9B3B-CCAADCFA99F3}.Ad-Hoc|ARM64.ActiveCfg = Release|iPhoneSimulator
		{34793F36-9566-4D8B-9B3B-CCAADCFA99F3}.Ad-Hoc|ARM64.Build.0 = Release|iPhoneSimulator
		{34793F36-9566-4D8B-9B3B-CCAADCFA99F3}.Ad-Hoc|iPhone.ActiveCfg = Release|iPhoneSimulator
		{34793F36-9566-4D8B-9B3B-CCAADCFA99F3}.Ad-Hoc|iPhone.Build.0 = Release|iPhoneSimulator
		{34793F36-9566-4D8B-9B3B-CCAADCFA99F3}.Ad-Hoc|iPhoneSimulator.ActiveCfg = Release|iPhoneSimulator
		{34793F36-9566-4D8B-9B3B-CCAADCFA99F3}.Ad-Hoc|iPhoneSimulator.Build.0 = Release|iPhoneSimulator
		{34793F36-9566-4D8B-9B3B-CCAADCFA99F3}.Ad-Hoc|Mixed Platforms.ActiveCfg = Release|iPhoneSimulator
		{34793F36-9566-4D8B-9B3B-CCAADCFA99F3}.Ad-Hoc|Mixed Platforms.Build.0 = Release|iPhoneSimulator
		{34793F36-9566-4D8B-9B3B-CCAADCFA99F3}.Ad-Hoc|x64.ActiveCfg = Release|iPhoneSimulator
		{34793F36-9566-4D8B-9B3B-CCAADCFA99F3}.Ad-Hoc|x64.Build.0 = Release|iPhoneSimulator
		{34793F36-9566-4D8B-9B3B-CCAADCFA99F3}.Ad-Hoc|x86.ActiveCfg = Release|iPhoneSimulator
		{34793F36-9566-4D8B-9B3B-CCAADCFA99F3}.Ad-Hoc|x86.Build.0 = Release|iPhoneSimulator
		{34793F36-9566-4D8B-9B3B-CCAADCFA99F3}.AppStore|Any CPU.ActiveCfg = Release|iPhoneSimulator
		{34793F36-9566-4D8B-9B3B-CCAADCFA99F3}.AppStore|Any CPU.Build.0 = Release|iPhoneSimulator
		{34793F36-9566-4D8B-9B3B-CCAADCFA99F3}.AppStore|ARM.ActiveCfg = Release|iPhoneSimulator
		{34793F36-9566-4D8B-9B3B-CCAADCFA99F3}.AppStore|ARM.Build.0 = Release|iPhoneSimulator
		{34793F36-9566-4D8B-9B3B-CCAADCFA99F3}.AppStore|ARM64.ActiveCfg = Release|iPhoneSimulator
		{34793F36-9566-4D8B-9B3B-CCAADCFA99F3}.AppStore|ARM64.Build.0 = Release|iPhoneSimulator
		{34793F36-9566-4D8B-9B3B-CCAADCFA99F3}.AppStore|iPhone.ActiveCfg = Release|iPhoneSimulator
		{34793F36-9566-4D8B-9B3B-CCAADCFA99F3}.AppStore|iPhone.Build.0 = Release|iPhoneSimulator
		{34793F36-9566-4D8B-9B3B-CCAADCFA99F3}.AppStore|iPhoneSimulator.ActiveCfg = Release|iPhoneSimulator
		{34793F36-9566-4D8B-9B3B-CCAADCFA99F3}.AppStore|iPhoneSimulator.Build.0 = Release|iPhoneSimulator
		{34793F36-9566-4D8B-9B3B-CCAADCFA99F3}.AppStore|Mixed Platforms.ActiveCfg = Release|iPhoneSimulator
		{34793F36-9566-4D8B-9B3B-CCAADCFA99F3}.AppStore|Mixed Platforms.Build.0 = Release|iPhoneSimulator
		{34793F36-9566-4D8B-9B3B-CCAADCFA99F3}.AppStore|x64.ActiveCfg = Release|iPhoneSimulator
		{34793F36-9566-4D8B-9B3B-CCAADCFA99F3}.AppStore|x64.Build.0 = Release|iPhoneSimulator
		{34793F36-9566-4D8B-9B3B-CCAADCFA99F3}.AppStore|x86.ActiveCfg = Release|iPhoneSimulator
		{34793F36-9566-4D8B-9B3B-CCAADCFA99F3}.AppStore|x86.Build.0 = Release|iPhoneSimulator
		{34793F36-9566-4D8B-9B3B-CCAADCFA99F3}.Debug|Any CPU.ActiveCfg = Debug|iPhoneSimulator
		{34793F36-9566-4D8B-9B3B-CCAADCFA99F3}.Debug|ARM.ActiveCfg = Debug|iPhoneSimulator
		{34793F36-9566-4D8B-9B3B-CCAADCFA99F3}.Debug|ARM64.ActiveCfg = Debug|iPhoneSimulator
		{34793F36-9566-4D8B-9B3B-CCAADCFA99F3}.Debug|iPhone.ActiveCfg = Debug|iPhoneSimulator
		{34793F36-9566-4D8B-9B3B-CCAADCFA99F3}.Debug|iPhoneSimulator.ActiveCfg = Debug|iPhoneSimulator
		{34793F36-9566-4D8B-9B3B-CCAADCFA99F3}.Debug|iPhoneSimulator.Build.0 = Debug|iPhoneSimulator
		{34793F36-9566-4D8B-9B3B-CCAADCFA99F3}.Debug|Mixed Platforms.ActiveCfg = Debug|iPhoneSimulator
		{34793F36-9566-4D8B-9B3B-CCAADCFA99F3}.Debug|Mixed Platforms.Build.0 = Debug|iPhoneSimulator
		{34793F36-9566-4D8B-9B3B-CCAADCFA99F3}.Debug|x64.ActiveCfg = Debug|iPhoneSimulator
		{34793F36-9566-4D8B-9B3B-CCAADCFA99F3}.Debug|x86.ActiveCfg = Debug|iPhoneSimulator
		{34793F36-9566-4D8B-9B3B-CCAADCFA99F3}.Release|Any CPU.ActiveCfg = Release|iPhoneSimulator
		{34793F36-9566-4D8B-9B3B-CCAADCFA99F3}.Release|ARM.ActiveCfg = Release|iPhoneSimulator
		{34793F36-9566-4D8B-9B3B-CCAADCFA99F3}.Release|ARM64.ActiveCfg = Release|iPhoneSimulator
		{34793F36-9566-4D8B-9B3B-CCAADCFA99F3}.Release|iPhone.ActiveCfg = Release|iPhoneSimulator
		{34793F36-9566-4D8B-9B3B-CCAADCFA99F3}.Release|iPhoneSimulator.ActiveCfg = Release|iPhoneSimulator
		{34793F36-9566-4D8B-9B3B-CCAADCFA99F3}.Release|iPhoneSimulator.Build.0 = Release|iPhoneSimulator
		{34793F36-9566-4D8B-9B3B-CCAADCFA99F3}.Release|Mixed Platforms.ActiveCfg = Release|iPhoneSimulator
		{34793F36-9566-4D8B-9B3B-CCAADCFA99F3}.Release|Mixed Platforms.Build.0 = Release|iPhoneSimulator
		{34793F36-9566-4D8B-9B3B-CCAADCFA99F3}.Release|x64.ActiveCfg = Release|iPhoneSimulator
		{34793F36-9566-4D8B-9B3B-CCAADCFA99F3}.Release|x86.ActiveCfg = Release|iPhoneSimulator
	EndGlobalSection
	GlobalSection(SolutionProperties) = preSolution
		HideSolutionNode = FALSE
	EndGlobalSection
	GlobalSection(ExtensibilityGlobals) = postSolution
		SolutionGuid = {8588E279-FB18-42F2-8133-BBD399E4D163}
	EndGlobalSection
EndGlobal
