
Microsoft Visual Studio Solution File, Format Version 12.00
# Visual Studio Version 16
VisualStudioVersion = 16.0.30128.74
MinimumVisualStudioVersion = 10.0.40219.1
Project("{FAE04EC0-301F-11D3-BF4B-00C04F79EFBC}") = "Sweeper", "Sweeper\Sweeper.csproj", "{C5FC2D42-F4A1-4D9B-A2DD-5B066C278122}"
EndProject
Project("{FAE04EC0-301F-11D3-BF4B-00C04F79EFBC}") = "SweeperTest", "SweeperTest\SweeperTest.csproj", "{A3D179EF-2A1E-44DF-A618-4FE7F9F1DC1A}"
EndProject
Project("{9A19103F-16F7-4668-BE54-9A1E7A4F7556}") = "SweeperCore", "Sweeper\SweeperCore.csproj", "{45851D79-AE3C-42E9-B7A7-14532401DE5D}"
EndProject
Project("{2150E333-8FDC-42A3-9474-1A3956D46DE8}") = "Mobile", "Mobile", "{83A5C5A4-F8AE-4634-8C3D-45ECCBBB770D}"
EndProject
Project("{FAE04EC0-301F-11D3-BF4B-00C04F79EFBC}") = "SweeperMobile.UWP", "SweeperMobile\SweeperMobile.UWP\SweeperMobile.UWP.csproj", "{C06DB138-F7AD-420B-8EE1-C63011E3A3E3}"
EndProject
Project("{FAE04EC0-301F-11D3-BF4B-00C04F79EFBC}") = "SweeperMobile.Android", "SweeperMobile\SweeperMobile.Android\SweeperMobile.Android.csproj", "{0357910B-A7C5-4231-A3C7-D14DF1C0D3A9}"
EndProject
Project("{FAE04EC0-301F-11D3-BF4B-00C04F79EFBC}") = "SweeperMobile.iOS", "SweeperMobile\SweeperMobile.iOS\SweeperMobile.iOS.csproj", "{ACD0F0A1-F4E0-4910-9AD3-E709E923EC1A}"
EndProject
Project("{FAE04EC0-301F-11D3-BF4B-00C04F79EFBC}") = "SweeperMobile", "SweeperMobile\SweeperMobile\SweeperMobile.csproj", "{0D3184B8-2CBF-48BB-83B4-9CA5D3E353B9}"
EndProject
Project("{2150E333-8FDC-42A3-9474-1A3956D46DE8}") = "Desktop", "Desktop", "{6ABF5D64-5C58-4E95-902B-6026A28969DD}"
EndProject
Global
	GlobalSection(SolutionConfigurationPlatforms) = preSolution
		Debug|Any CPU = Debug|Any CPU
		Debug|ARM = Debug|ARM
		Debug|iPhone = Debug|iPhone
		Debug|iPhoneSimulator = Debug|iPhoneSimulator
		Debug|Mixed Platforms = Debug|Mixed Platforms
		Debug|x64 = Debug|x64
		Debug|x86 = Debug|x86
		Release|Any CPU = Release|Any CPU
		Release|ARM = Release|ARM
		Release|iPhone = Release|iPhone
		Release|iPhoneSimulator = Release|iPhoneSimulator
		Release|Mixed Platforms = Release|Mixed Platforms
		Release|x64 = Release|x64
		Release|x86 = Release|x86
	EndGlobalSection
	GlobalSection(ProjectConfigurationPlatforms) = postSolution
		{C5FC2D42-F4A1-4D9B-A2DD-5B066C278122}.Debug|Any CPU.ActiveCfg = Debug|Any CPU
		{C5FC2D42-F4A1-4D9B-A2DD-5B066C278122}.Debug|Any CPU.Build.0 = Debug|Any CPU
		{C5FC2D42-F4A1-4D9B-A2DD-5B066C278122}.Debug|ARM.ActiveCfg = Debug|Any CPU
		{C5FC2D42-F4A1-4D9B-A2DD-5B066C278122}.Debug|ARM.Build.0 = Debug|Any CPU
		{C5FC2D42-F4A1-4D9B-A2DD-5B066C278122}.Debug|iPhone.ActiveCfg = Debug|Any CPU
		{C5FC2D42-F4A1-4D9B-A2DD-5B066C278122}.Debug|iPhone.Build.0 = Debug|Any CPU
		{C5FC2D42-F4A1-4D9B-A2DD-5B066C278122}.Debug|iPhoneSimulator.ActiveCfg = Debug|Any CPU
		{C5FC2D42-F4A1-4D9B-A2DD-5B066C278122}.Debug|iPhoneSimulator.Build.0 = Debug|Any CPU
		{C5FC2D42-F4A1-4D9B-A2DD-5B066C278122}.Debug|Mixed Platforms.ActiveCfg = Debug|Any CPU
		{C5FC2D42-F4A1-4D9B-A2DD-5B066C278122}.Debug|Mixed Platforms.Build.0 = Debug|Any CPU
		{C5FC2D42-F4A1-4D9B-A2DD-5B066C278122}.Debug|x64.ActiveCfg = Debug|Any CPU
		{C5FC2D42-F4A1-4D9B-A2DD-5B066C278122}.Debug|x64.Build.0 = Debug|Any CPU
		{C5FC2D42-F4A1-4D9B-A2DD-5B066C278122}.Debug|x86.ActiveCfg = Debug|Any CPU
		{C5FC2D42-F4A1-4D9B-A2DD-5B066C278122}.Release|Any CPU.ActiveCfg = Release|Any CPU
		{C5FC2D42-F4A1-4D9B-A2DD-5B066C278122}.Release|Any CPU.Build.0 = Release|Any CPU
		{C5FC2D42-F4A1-4D9B-A2DD-5B066C278122}.Release|ARM.ActiveCfg = Release|Any CPU
		{C5FC2D42-F4A1-4D9B-A2DD-5B066C278122}.Release|ARM.Build.0 = Release|Any CPU
		{C5FC2D42-F4A1-4D9B-A2DD-5B066C278122}.Release|iPhone.ActiveCfg = Release|Any CPU
		{C5FC2D42-F4A1-4D9B-A2DD-5B066C278122}.Release|iPhone.Build.0 = Release|Any CPU
		{C5FC2D42-F4A1-4D9B-A2DD-5B066C278122}.Release|iPhoneSimulator.ActiveCfg = Release|Any CPU
		{C5FC2D42-F4A1-4D9B-A2DD-5B066C278122}.Release|iPhoneSimulator.Build.0 = Release|Any CPU
		{C5FC2D42-F4A1-4D9B-A2DD-5B066C278122}.Release|Mixed Platforms.ActiveCfg = Release|Any CPU
		{C5FC2D42-F4A1-4D9B-A2DD-5B066C278122}.Release|Mixed Platforms.Build.0 = Release|Any CPU
		{C5FC2D42-F4A1-4D9B-A2DD-5B066C278122}.Release|x64.ActiveCfg = Release|Any CPU
		{C5FC2D42-F4A1-4D9B-A2DD-5B066C278122}.Release|x64.Build.0 = Release|Any CPU
		{C5FC2D42-F4A1-4D9B-A2DD-5B066C278122}.Release|x86.ActiveCfg = Release|Any CPU
		{A3D179EF-2A1E-44DF-A618-4FE7F9F1DC1A}.Debug|Any CPU.ActiveCfg = Debug|Any CPU
		{A3D179EF-2A1E-44DF-A618-4FE7F9F1DC1A}.Debug|Any CPU.Build.0 = Debug|Any CPU
		{A3D179EF-2A1E-44DF-A618-4FE7F9F1DC1A}.Debug|ARM.ActiveCfg = Debug|Any CPU
		{A3D179EF-2A1E-44DF-A618-4FE7F9F1DC1A}.Debug|ARM.Build.0 = Debug|Any CPU
		{A3D179EF-2A1E-44DF-A618-4FE7F9F1DC1A}.Debug|iPhone.ActiveCfg = Debug|Any CPU
		{A3D179EF-2A1E-44DF-A618-4FE7F9F1DC1A}.Debug|iPhone.Build.0 = Debug|Any CPU
		{A3D179EF-2A1E-44DF-A618-4FE7F9F1DC1A}.Debug|iPhoneSimulator.ActiveCfg = Debug|Any CPU
		{A3D179EF-2A1E-44DF-A618-4FE7F9F1DC1A}.Debug|iPhoneSimulator.Build.0 = Debug|Any CPU
		{A3D179EF-2A1E-44DF-A618-4FE7F9F1DC1A}.Debug|Mixed Platforms.ActiveCfg = Debug|Any CPU
		{A3D179EF-2A1E-44DF-A618-4FE7F9F1DC1A}.Debug|Mixed Platforms.Build.0 = Debug|Any CPU
		{A3D179EF-2A1E-44DF-A618-4FE7F9F1DC1A}.Debug|x64.ActiveCfg = Debug|Any CPU
		{A3D179EF-2A1E-44DF-A618-4FE7F9F1DC1A}.Debug|x64.Build.0 = Debug|Any CPU
		{A3D179EF-2A1E-44DF-A618-4FE7F9F1DC1A}.Debug|x86.ActiveCfg = Debug|Any CPU
		{A3D179EF-2A1E-44DF-A618-4FE7F9F1DC1A}.Release|Any CPU.ActiveCfg = Release|Any CPU
		{A3D179EF-2A1E-44DF-A618-4FE7F9F1DC1A}.Release|Any CPU.Build.0 = Release|Any CPU
		{A3D179EF-2A1E-44DF-A618-4FE7F9F1DC1A}.Release|ARM.ActiveCfg = Release|Any CPU
		{A3D179EF-2A1E-44DF-A618-4FE7F9F1DC1A}.Release|ARM.Build.0 = Release|Any CPU
		{A3D179EF-2A1E-44DF-A618-4FE7F9F1DC1A}.Release|iPhone.ActiveCfg = Release|Any CPU
		{A3D179EF-2A1E-44DF-A618-4FE7F9F1DC1A}.Release|iPhone.Build.0 = Release|Any CPU
		{A3D179EF-2A1E-44DF-A618-4FE7F9F1DC1A}.Release|iPhoneSimulator.ActiveCfg = Release|Any CPU
		{A3D179EF-2A1E-44DF-A618-4FE7F9F1DC1A}.Release|iPhoneSimulator.Build.0 = Release|Any CPU
		{A3D179EF-2A1E-44DF-A618-4FE7F9F1DC1A}.Release|Mixed Platforms.ActiveCfg = Release|Any CPU
		{A3D179EF-2A1E-44DF-A618-4FE7F9F1DC1A}.Release|Mixed Platforms.Build.0 = Release|Any CPU
		{A3D179EF-2A1E-44DF-A618-4FE7F9F1DC1A}.Release|x64.ActiveCfg = Release|Any CPU
		{A3D179EF-2A1E-44DF-A618-4FE7F9F1DC1A}.Release|x64.Build.0 = Release|Any CPU
		{A3D179EF-2A1E-44DF-A618-4FE7F9F1DC1A}.Release|x86.ActiveCfg = Release|Any CPU
		{45851D79-AE3C-42E9-B7A7-14532401DE5D}.Debug|Any CPU.ActiveCfg = Debug|Any CPU
		{45851D79-AE3C-42E9-B7A7-14532401DE5D}.Debug|Any CPU.Build.0 = Debug|Any CPU
		{45851D79-AE3C-42E9-B7A7-14532401DE5D}.Debug|ARM.ActiveCfg = Debug|Any CPU
		{45851D79-AE3C-42E9-B7A7-14532401DE5D}.Debug|ARM.Build.0 = Debug|Any CPU
		{45851D79-AE3C-42E9-B7A7-14532401DE5D}.Debug|iPhone.ActiveCfg = Debug|Any CPU
		{45851D79-AE3C-42E9-B7A7-14532401DE5D}.Debug|iPhone.Build.0 = Debug|Any CPU
		{45851D79-AE3C-42E9-B7A7-14532401DE5D}.Debug|iPhoneSimulator.ActiveCfg = Debug|Any CPU
		{45851D79-AE3C-42E9-B7A7-14532401DE5D}.Debug|iPhoneSimulator.Build.0 = Debug|Any CPU
		{45851D79-AE3C-42E9-B7A7-14532401DE5D}.Debug|Mixed Platforms.ActiveCfg = Debug|Any CPU
		{45851D79-AE3C-42E9-B7A7-14532401DE5D}.Debug|Mixed Platforms.Build.0 = Debug|Any CPU
		{45851D79-AE3C-42E9-B7A7-14532401DE5D}.Debug|x64.ActiveCfg = Debug|Any CPU
		{45851D79-AE3C-42E9-B7A7-14532401DE5D}.Debug|x64.Build.0 = Debug|Any CPU
		{45851D79-AE3C-42E9-B7A7-14532401DE5D}.Debug|x86.ActiveCfg = Debug|Any CPU
		{45851D79-AE3C-42E9-B7A7-14532401DE5D}.Debug|x86.Build.0 = Debug|Any CPU
		{45851D79-AE3C-42E9-B7A7-14532401DE5D}.Release|Any CPU.ActiveCfg = Release|Any CPU
		{45851D79-AE3C-42E9-B7A7-14532401DE5D}.Release|Any CPU.Build.0 = Release|Any CPU
		{45851D79-AE3C-42E9-B7A7-14532401DE5D}.Release|ARM.ActiveCfg = Release|Any CPU
		{45851D79-AE3C-42E9-B7A7-14532401DE5D}.Release|ARM.Build.0 = Release|Any CPU
		{45851D79-AE3C-42E9-B7A7-14532401DE5D}.Release|iPhone.ActiveCfg = Release|Any CPU
		{45851D79-AE3C-42E9-B7A7-14532401DE5D}.Release|iPhone.Build.0 = Release|Any CPU
		{45851D79-AE3C-42E9-B7A7-14532401DE5D}.Release|iPhoneSimulator.ActiveCfg = Release|Any CPU
		{45851D79-AE3C-42E9-B7A7-14532401DE5D}.Release|iPhoneSimulator.Build.0 = Release|Any CPU
		{45851D79-AE3C-42E9-B7A7-14532401DE5D}.Release|Mixed Platforms.ActiveCfg = Release|Any CPU
		{45851D79-AE3C-42E9-B7A7-14532401DE5D}.Release|Mixed Platforms.Build.0 = Release|Any CPU
		{45851D79-AE3C-42E9-B7A7-14532401DE5D}.Release|x64.ActiveCfg = Release|Any CPU
		{45851D79-AE3C-42E9-B7A7-14532401DE5D}.Release|x64.Build.0 = Release|Any CPU
		{45851D79-AE3C-42E9-B7A7-14532401DE5D}.Release|x86.ActiveCfg = Release|Any CPU
		{45851D79-AE3C-42E9-B7A7-14532401DE5D}.Release|x86.Build.0 = Release|Any CPU
		{C06DB138-F7AD-420B-8EE1-C63011E3A3E3}.Debug|Any CPU.ActiveCfg = Debug|x86
		{C06DB138-F7AD-420B-8EE1-C63011E3A3E3}.Debug|ARM.ActiveCfg = Debug|ARM
		{C06DB138-F7AD-420B-8EE1-C63011E3A3E3}.Debug|ARM.Build.0 = Debug|ARM
		{C06DB138-F7AD-420B-8EE1-C63011E3A3E3}.Debug|ARM.Deploy.0 = Debug|ARM
		{C06DB138-F7AD-420B-8EE1-C63011E3A3E3}.Debug|iPhone.ActiveCfg = Debug|x86
		{C06DB138-F7AD-420B-8EE1-C63011E3A3E3}.Debug|iPhoneSimulator.ActiveCfg = Debug|x86
		{C06DB138-F7AD-420B-8EE1-C63011E3A3E3}.Debug|Mixed Platforms.ActiveCfg = Debug|x86
		{C06DB138-F7AD-420B-8EE1-C63011E3A3E3}.Debug|Mixed Platforms.Build.0 = Debug|x86
		{C06DB138-F7AD-420B-8EE1-C63011E3A3E3}.Debug|Mixed Platforms.Deploy.0 = Debug|x86
		{C06DB138-F7AD-420B-8EE1-C63011E3A3E3}.Debug|x64.ActiveCfg = Debug|x64
		{C06DB138-F7AD-420B-8EE1-C63011E3A3E3}.Debug|x64.Build.0 = Debug|x64
		{C06DB138-F7AD-420B-8EE1-C63011E3A3E3}.Debug|x64.Deploy.0 = Debug|x64
		{C06DB138-F7AD-420B-8EE1-C63011E3A3E3}.Debug|x86.ActiveCfg = Debug|x86
		{C06DB138-F7AD-420B-8EE1-C63011E3A3E3}.Debug|x86.Build.0 = Debug|x86
		{C06DB138-F7AD-420B-8EE1-C63011E3A3E3}.Debug|x86.Deploy.0 = Debug|x86
		{C06DB138-F7AD-420B-8EE1-C63011E3A3E3}.Release|Any CPU.ActiveCfg = Release|x86
		{C06DB138-F7AD-420B-8EE1-C63011E3A3E3}.Release|ARM.ActiveCfg = Release|ARM
		{C06DB138-F7AD-420B-8EE1-C63011E3A3E3}.Release|ARM.Build.0 = Release|ARM
		{C06DB138-F7AD-420B-8EE1-C63011E3A3E3}.Release|ARM.Deploy.0 = Release|ARM
		{C06DB138-F7AD-420B-8EE1-C63011E3A3E3}.Release|iPhone.ActiveCfg = Release|x86
		{C06DB138-F7AD-420B-8EE1-C63011E3A3E3}.Release|iPhoneSimulator.ActiveCfg = Release|x86
		{C06DB138-F7AD-420B-8EE1-C63011E3A3E3}.Release|Mixed Platforms.ActiveCfg = Release|x86
		{C06DB138-F7AD-420B-8EE1-C63011E3A3E3}.Release|Mixed Platforms.Build.0 = Release|x86
		{C06DB138-F7AD-420B-8EE1-C63011E3A3E3}.Release|Mixed Platforms.Deploy.0 = Release|x86
		{C06DB138-F7AD-420B-8EE1-C63011E3A3E3}.Release|x64.ActiveCfg = Release|x64
		{C06DB138-F7AD-420B-8EE1-C63011E3A3E3}.Release|x64.Build.0 = Release|x64
		{C06DB138-F7AD-420B-8EE1-C63011E3A3E3}.Release|x64.Deploy.0 = Release|x64
		{C06DB138-F7AD-420B-8EE1-C63011E3A3E3}.Release|x86.ActiveCfg = Release|x86
		{C06DB138-F7AD-420B-8EE1-C63011E3A3E3}.Release|x86.Build.0 = Release|x86
		{C06DB138-F7AD-420B-8EE1-C63011E3A3E3}.Release|x86.Deploy.0 = Release|x86
		{0357910B-A7C5-4231-A3C7-D14DF1C0D3A9}.Debug|Any CPU.ActiveCfg = Debug|Any CPU
		{0357910B-A7C5-4231-A3C7-D14DF1C0D3A9}.Debug|Any CPU.Build.0 = Debug|Any CPU
		{0357910B-A7C5-4231-A3C7-D14DF1C0D3A9}.Debug|Any CPU.Deploy.0 = Debug|Any CPU
		{0357910B-A7C5-4231-A3C7-D14DF1C0D3A9}.Debug|ARM.ActiveCfg = Debug|Any CPU
		{0357910B-A7C5-4231-A3C7-D14DF1C0D3A9}.Debug|ARM.Build.0 = Debug|Any CPU
		{0357910B-A7C5-4231-A3C7-D14DF1C0D3A9}.Debug|ARM.Deploy.0 = Debug|Any CPU
		{0357910B-A7C5-4231-A3C7-D14DF1C0D3A9}.Debug|iPhone.ActiveCfg = Debug|Any CPU
		{0357910B-A7C5-4231-A3C7-D14DF1C0D3A9}.Debug|iPhone.Build.0 = Debug|Any CPU
		{0357910B-A7C5-4231-A3C7-D14DF1C0D3A9}.Debug|iPhone.Deploy.0 = Debug|Any CPU
		{0357910B-A7C5-4231-A3C7-D14DF1C0D3A9}.Debug|iPhoneSimulator.ActiveCfg = Debug|Any CPU
		{0357910B-A7C5-4231-A3C7-D14DF1C0D3A9}.Debug|iPhoneSimulator.Build.0 = Debug|Any CPU
		{0357910B-A7C5-4231-A3C7-D14DF1C0D3A9}.Debug|iPhoneSimulator.Deploy.0 = Debug|Any CPU
		{0357910B-A7C5-4231-A3C7-D14DF1C0D3A9}.Debug|Mixed Platforms.ActiveCfg = Debug|Any CPU
		{0357910B-A7C5-4231-A3C7-D14DF1C0D3A9}.Debug|Mixed Platforms.Build.0 = Debug|Any CPU
		{0357910B-A7C5-4231-A3C7-D14DF1C0D3A9}.Debug|Mixed Platforms.Deploy.0 = Debug|Any CPU
		{0357910B-A7C5-4231-A3C7-D14DF1C0D3A9}.Debug|x64.ActiveCfg = Debug|Any CPU
		{0357910B-A7C5-4231-A3C7-D14DF1C0D3A9}.Debug|x64.Build.0 = Debug|Any CPU
		{0357910B-A7C5-4231-A3C7-D14DF1C0D3A9}.Debug|x64.Deploy.0 = Debug|Any CPU
		{0357910B-A7C5-4231-A3C7-D14DF1C0D3A9}.Debug|x86.ActiveCfg = Debug|Any CPU
		{0357910B-A7C5-4231-A3C7-D14DF1C0D3A9}.Debug|x86.Build.0 = Debug|Any CPU
		{0357910B-A7C5-4231-A3C7-D14DF1C0D3A9}.Debug|x86.Deploy.0 = Debug|Any CPU
		{0357910B-A7C5-4231-A3C7-D14DF1C0D3A9}.Release|Any CPU.ActiveCfg = Release|Any CPU
		{0357910B-A7C5-4231-A3C7-D14DF1C0D3A9}.Release|Any CPU.Build.0 = Release|Any CPU
		{0357910B-A7C5-4231-A3C7-D14DF1C0D3A9}.Release|Any CPU.Deploy.0 = Release|Any CPU
		{0357910B-A7C5-4231-A3C7-D14DF1C0D3A9}.Release|ARM.ActiveCfg = Release|Any CPU
		{0357910B-A7C5-4231-A3C7-D14DF1C0D3A9}.Release|ARM.Build.0 = Release|Any CPU
		{0357910B-A7C5-4231-A3C7-D14DF1C0D3A9}.Release|ARM.Deploy.0 = Release|Any CPU
		{0357910B-A7C5-4231-A3C7-D14DF1C0D3A9}.Release|iPhone.ActiveCfg = Release|Any CPU
		{0357910B-A7C5-4231-A3C7-D14DF1C0D3A9}.Release|iPhone.Build.0 = Release|Any CPU
		{0357910B-A7C5-4231-A3C7-D14DF1C0D3A9}.Release|iPhone.Deploy.0 = Release|Any CPU
		{0357910B-A7C5-4231-A3C7-D14DF1C0D3A9}.Release|iPhoneSimulator.ActiveCfg = Release|Any CPU
		{0357910B-A7C5-4231-A3C7-D14DF1C0D3A9}.Release|iPhoneSimulator.Build.0 = Release|Any CPU
		{0357910B-A7C5-4231-A3C7-D14DF1C0D3A9}.Release|iPhoneSimulator.Deploy.0 = Release|Any CPU
		{0357910B-A7C5-4231-A3C7-D14DF1C0D3A9}.Release|Mixed Platforms.ActiveCfg = Release|Any CPU
		{0357910B-A7C5-4231-A3C7-D14DF1C0D3A9}.Release|Mixed Platforms.Build.0 = Release|Any CPU
		{0357910B-A7C5-4231-A3C7-D14DF1C0D3A9}.Release|Mixed Platforms.Deploy.0 = Release|Any CPU
		{0357910B-A7C5-4231-A3C7-D14DF1C0D3A9}.Release|x64.ActiveCfg = Release|Any CPU
		{0357910B-A7C5-4231-A3C7-D14DF1C0D3A9}.Release|x64.Build.0 = Release|Any CPU
		{0357910B-A7C5-4231-A3C7-D14DF1C0D3A9}.Release|x64.Deploy.0 = Release|Any CPU
		{0357910B-A7C5-4231-A3C7-D14DF1C0D3A9}.Release|x86.ActiveCfg = Release|Any CPU
		{0357910B-A7C5-4231-A3C7-D14DF1C0D3A9}.Release|x86.Build.0 = Release|Any CPU
		{0357910B-A7C5-4231-A3C7-D14DF1C0D3A9}.Release|x86.Deploy.0 = Release|Any CPU
		{ACD0F0A1-F4E0-4910-9AD3-E709E923EC1A}.Debug|Any CPU.ActiveCfg = Debug|iPhone
		{ACD0F0A1-F4E0-4910-9AD3-E709E923EC1A}.Debug|ARM.ActiveCfg = Debug|iPhone
		{ACD0F0A1-F4E0-4910-9AD3-E709E923EC1A}.Debug|iPhone.ActiveCfg = Debug|iPhone
		{ACD0F0A1-F4E0-4910-9AD3-E709E923EC1A}.Debug|iPhone.Build.0 = Debug|iPhone
		{ACD0F0A1-F4E0-4910-9AD3-E709E923EC1A}.Debug|iPhoneSimulator.ActiveCfg = Debug|iPhoneSimulator
		{ACD0F0A1-F4E0-4910-9AD3-E709E923EC1A}.Debug|iPhoneSimulator.Build.0 = Debug|iPhoneSimulator
		{ACD0F0A1-F4E0-4910-9AD3-E709E923EC1A}.Debug|Mixed Platforms.ActiveCfg = Debug|iPhone
		{ACD0F0A1-F4E0-4910-9AD3-E709E923EC1A}.Debug|Mixed Platforms.Build.0 = Debug|iPhone
		{ACD0F0A1-F4E0-4910-9AD3-E709E923EC1A}.Debug|x64.ActiveCfg = Debug|iPhone
		{ACD0F0A1-F4E0-4910-9AD3-E709E923EC1A}.Debug|x86.ActiveCfg = Debug|iPhone
		{ACD0F0A1-F4E0-4910-9AD3-E709E923EC1A}.Release|Any CPU.ActiveCfg = Release|iPhone
		{ACD0F0A1-F4E0-4910-9AD3-E709E923EC1A}.Release|ARM.ActiveCfg = Release|iPhone
		{ACD0F0A1-F4E0-4910-9AD3-E709E923EC1A}.Release|iPhone.ActiveCfg = Release|iPhone
		{ACD0F0A1-F4E0-4910-9AD3-E709E923EC1A}.Release|iPhone.Build.0 = Release|iPhone
		{ACD0F0A1-F4E0-4910-9AD3-E709E923EC1A}.Release|iPhoneSimulator.ActiveCfg = Release|iPhoneSimulator
		{ACD0F0A1-F4E0-4910-9AD3-E709E923EC1A}.Release|iPhoneSimulator.Build.0 = Release|iPhoneSimulator
		{ACD0F0A1-F4E0-4910-9AD3-E709E923EC1A}.Release|Mixed Platforms.ActiveCfg = Release|iPhone
		{ACD0F0A1-F4E0-4910-9AD3-E709E923EC1A}.Release|Mixed Platforms.Build.0 = Release|iPhone
		{ACD0F0A1-F4E0-4910-9AD3-E709E923EC1A}.Release|x64.ActiveCfg = Release|iPhone
		{ACD0F0A1-F4E0-4910-9AD3-E709E923EC1A}.Release|x86.ActiveCfg = Release|iPhone
		{0D3184B8-2CBF-48BB-83B4-9CA5D3E353B9}.Debug|Any CPU.ActiveCfg = Debug|Any CPU
		{0D3184B8-2CBF-48BB-83B4-9CA5D3E353B9}.Debug|Any CPU.Build.0 = Debug|Any CPU
		{0D3184B8-2CBF-48BB-83B4-9CA5D3E353B9}.Debug|ARM.ActiveCfg = Debug|Any CPU
		{0D3184B8-2CBF-48BB-83B4-9CA5D3E353B9}.Debug|ARM.Build.0 = Debug|Any CPU
		{0D3184B8-2CBF-48BB-83B4-9CA5D3E353B9}.Debug|iPhone.ActiveCfg = Debug|Any CPU
		{0D3184B8-2CBF-48BB-83B4-9CA5D3E353B9}.Debug|iPhone.Build.0 = Debug|Any CPU
		{0D3184B8-2CBF-48BB-83B4-9CA5D3E353B9}.Debug|iPhoneSimulator.ActiveCfg = Debug|Any CPU
		{0D3184B8-2CBF-48BB-83B4-9CA5D3E353B9}.Debug|iPhoneSimulator.Build.0 = Debug|Any CPU
		{0D3184B8-2CBF-48BB-83B4-9CA5D3E353B9}.Debug|Mixed Platforms.ActiveCfg = Debug|Any CPU
		{0D3184B8-2CBF-48BB-83B4-9CA5D3E353B9}.Debug|Mixed Platforms.Build.0 = Debug|Any CPU
		{0D3184B8-2CBF-48BB-83B4-9CA5D3E353B9}.Debug|x64.ActiveCfg = Debug|Any CPU
		{0D3184B8-2CBF-48BB-83B4-9CA5D3E353B9}.Debug|x64.Build.0 = Debug|Any CPU
		{0D3184B8-2CBF-48BB-83B4-9CA5D3E353B9}.Debug|x86.ActiveCfg = Debug|Any CPU
		{0D3184B8-2CBF-48BB-83B4-9CA5D3E353B9}.Debug|x86.Build.0 = Debug|Any CPU
		{0D3184B8-2CBF-48BB-83B4-9CA5D3E353B9}.Release|Any CPU.ActiveCfg = Release|Any CPU
		{0D3184B8-2CBF-48BB-83B4-9CA5D3E353B9}.Release|Any CPU.Build.0 = Release|Any CPU
		{0D3184B8-2CBF-48BB-83B4-9CA5D3E353B9}.Release|ARM.ActiveCfg = Release|Any CPU
		{0D3184B8-2CBF-48BB-83B4-9CA5D3E353B9}.Release|ARM.Build.0 = Release|Any CPU
		{0D3184B8-2CBF-48BB-83B4-9CA5D3E353B9}.Release|iPhone.ActiveCfg = Release|Any CPU
		{0D3184B8-2CBF-48BB-83B4-9CA5D3E353B9}.Release|iPhone.Build.0 = Release|Any CPU
		{0D3184B8-2CBF-48BB-83B4-9CA5D3E353B9}.Release|iPhoneSimulator.ActiveCfg = Release|Any CPU
		{0D3184B8-2CBF-48BB-83B4-9CA5D3E353B9}.Release|iPhoneSimulator.Build.0 = Release|Any CPU
		{0D3184B8-2CBF-48BB-83B4-9CA5D3E353B9}.Release|Mixed Platforms.ActiveCfg = Release|Any CPU
		{0D3184B8-2CBF-48BB-83B4-9CA5D3E353B9}.Release|Mixed Platforms.Build.0 = Release|Any CPU
		{0D3184B8-2CBF-48BB-83B4-9CA5D3E353B9}.Release|x64.ActiveCfg = Release|Any CPU
		{0D3184B8-2CBF-48BB-83B4-9CA5D3E353B9}.Release|x64.Build.0 = Release|Any CPU
		{0D3184B8-2CBF-48BB-83B4-9CA5D3E353B9}.Release|x86.ActiveCfg = Release|Any CPU
		{0D3184B8-2CBF-48BB-83B4-9CA5D3E353B9}.Release|x86.Build.0 = Release|Any CPU
	EndGlobalSection
	GlobalSection(SolutionProperties) = preSolution
		HideSolutionNode = FALSE
	EndGlobalSection
	GlobalSection(NestedProjects) = preSolution
		{C5FC2D42-F4A1-4D9B-A2DD-5B066C278122} = {6ABF5D64-5C58-4E95-902B-6026A28969DD}
		{45851D79-AE3C-42E9-B7A7-14532401DE5D} = {6ABF5D64-5C58-4E95-902B-6026A28969DD}
		{C06DB138-F7AD-420B-8EE1-C63011E3A3E3} = {83A5C5A4-F8AE-4634-8C3D-45ECCBBB770D}
		{0357910B-A7C5-4231-A3C7-D14DF1C0D3A9} = {83A5C5A4-F8AE-4634-8C3D-45ECCBBB770D}
		{ACD0F0A1-F4E0-4910-9AD3-E709E923EC1A} = {83A5C5A4-F8AE-4634-8C3D-45ECCBBB770D}
		{0D3184B8-2CBF-48BB-83B4-9CA5D3E353B9} = {83A5C5A4-F8AE-4634-8C3D-45ECCBBB770D}
	EndGlobalSection
	GlobalSection(ExtensibilityGlobals) = postSolution
		SolutionGuid = {8588E279-FB18-42F2-8133-BBD399E4D163}
	EndGlobalSection
EndGlobal
